{
  "name": "vscode-ciel",
  "version": "0.1.0",
  "lockfileVersion": 3,
  "requires": true,
  "packages": {
    "": {
      "name": "vscode-ciel",
      "version": "0.1.0",
      "license": "MIT",
      "dependencies": {
        "web-tree-sitter": "^0.25.0"
      },
      "devDependencies": {
        "tree-sitter-cli": "^0.25.0"
      },
      "engines": {
        "vscode": "^1.92.0"
      }
    },
    "node_modules/tree-sitter-cli": {
      "version": "0.25.10",
      "resolved": "https://registry.npmmirror.com/tree-sitter-cli/-/tree-sitter-cli-0.25.10.tgz",
      "integrity": "sha512-KoebQguKMCIghisEOdA372TIbrUl0kdnfZ9YQIBRAeOvNSKe85XbU4LuFW7hduRUwJj0rAG7pX5wo9sZhbBF1g==",
      "dev": true,
      "hasInstallScript": true,
      "license": "MIT",
      "bin": {
        "tree-sitter": "cli.js"
      },
      "engines": {
        "node": ">=12.0.0"
      }
    },
    "node_modules/web-tree-sitter": {
      "version": "0.25.10",
      "resolved": "https://registry.npmmirror.com/web-tree-sitter/-/web-tree-sitter-0.25.10.tgz",
      "integrity": "sha512-Y09sF44/13XvgVKgO2cNDw5rGk6s26MgoZPXLESvMXeefBf7i6/73eFurre0IsTW6E14Y0ArIzhUMmjoc7xyzA==",
      "license": "MIT",
      "peerDependencies": {
        "@types/emscripten": "^1.40.0"
      },
      "peerDependenciesMeta": {
        "@types/emscripten": {
          "optional": true
        }
      }
    }
  }
}
